
Microsoft Visual Studio Solution File, Format Version 12.00
# Visual Studio Version 17
VisualStudioVersion = 17.12.35514.174 d17.12
MinimumVisualStudioVersion = 10.0.40219.1
Project("{FAE04EC0-301F-11D3-BF4B-00C04F79EFBC}") = "RecepcionPesosSerialServicioWindows", "RecepcionPesosSerialServicioWindows.csproj", "{9948A7AD-E29D-4833-9F1D-3F711B14D6EB}"
EndProject
Project("{54435603-DBB4-11D2-8724-00A0C9A8B90C}") = "SetupRecepcionPesosSerialServicioWindows", "..\SetupRecepcionPesosSerialServicioWindows\SetupRecepcionPesosSerialServicioWindows.vdproj", "{501892E4-1BC2-4FA1-BA03-D99D8141CEAA}"
EndProject
Global
	GlobalSection(SolutionConfigurationPlatforms) = preSolution
		Debug|Any CPU = Debug|Any CPU
		Release|Any CPU = Release|Any CPU
	EndGlobalSection
	GlobalSection(ProjectConfigurationPlatforms) = postSolution
		{9948A7AD-E29D-4833-9F1D-3F711B14D6EB}.Debug|Any CPU.ActiveCfg = Debug|Any CPU
		{9948A7AD-E29D-4833-9F1D-3F711B14D6EB}.Debug|Any CPU.Build.0 = Debug|Any CPU
		{9948A7AD-E29D-4833-9F1D-3F711B14D6EB}.Release|Any CPU.ActiveCfg = Release|Any CPU
		{9948A7AD-E29D-4833-9F1D-3F711B14D6EB}.Release|Any CPU.Build.0 = Release|Any CPU
		{501892E4-1BC2-4FA1-BA03-D99D8141CEAA}.Debug|Any CPU.ActiveCfg = Debug
		{501892E4-1BC2-4FA1-BA03-D99D8141CEAA}.Release|Any CPU.ActiveCfg = Release
	EndGlobalSection
	GlobalSection(SolutionProperties) = preSolution
		HideSolutionNode = FALSE
	EndGlobalSection
EndGlobal
